
Microsoft Visual Studio Solution File, Format Version 12.00
# Visual Studio Version 17
VisualStudioVersion = 17.5.33424.131
MinimumVisualStudioVersion = 10.0.40219.1
Project("{FAE04EC0-301F-11D3-BF4B-00C04F79EFBC}") = "TutorialMicrosoftWinServices", "TutorialMicrosoftWinServices.csproj", "{267147C0-6695-4FC0-A1F4-55AAFA96BF09}"
EndProject
Global
	GlobalSection(SolutionConfigurationPlatforms) = preSolution
		Debug|Any CPU = Debug|Any CPU
		Release|Any CPU = Release|Any CPU
	EndGlobalSection
	GlobalSection(ProjectConfigurationPlatforms) = postSolution
		{267147C0-6695-4FC0-A1F4-55AAFA96BF09}.Debug|Any CPU.ActiveCfg = Debug|Any CPU
		{267147C0-6695-4FC0-A1F4-55AAFA96BF09}.Debug|Any CPU.Build.0 = Debug|Any CPU
		{267147C0-6695-4FC0-A1F4-55AAFA96BF09}.Release|Any CPU.ActiveCfg = Release|Any CPU
		{267147C0-6695-4FC0-A1F4-55AAFA96BF09}.Release|Any CPU.Build.0 = Release|Any CPU
	EndGlobalSection
	GlobalSection(SolutionProperties) = preSolution
		HideSolutionNode = FALSE
	EndGlobalSection
	GlobalSection(ExtensibilityGlobals) = postSolution
		SolutionGuid = {DA0DEDF4-CE49-4E13-AC74-B0710FB22FFC}
	EndGlobalSection
EndGlobal
